
Microsoft Visual Studio Solution File, Format Version 12.00
# Visual Studio 15
VisualStudioVersion = 15.0.27130.2027
MinimumVisualStudioVersion = 10.0.40219.1
Project("{FAE04EC0-301F-11D3-BF4B-00C04F79EFBC}") = "ProvisionwareServer", "Provisionware\ProvisionwareServer.csproj", "{A1DE2F2C-A103-4FBC-A698-90535379C577}"
EndProject
Project("{FAE04EC0-301F-11D3-BF4B-00C04F79EFBC}") = "ProvisionwareClient", "ProvisionwareClient\ProvisionwareClient.csproj", "{BA16FE9C-E7DA-4637-AE10-31A20E8D8320}"
EndProject
Global
	GlobalSection(SolutionConfigurationPlatforms) = preSolution
		Debug|Any CPU = Debug|Any CPU
		Release|Any CPU = Release|Any CPU
	EndGlobalSection
	GlobalSection(ProjectConfigurationPlatforms) = postSolution
		{A1DE2F2C-A103-4FBC-A698-90535379C577}.Debug|Any CPU.ActiveCfg = Debug|Any CPU
		{A1DE2F2C-A103-4FBC-A698-90535379C577}.Debug|Any CPU.Build.0 = Debug|Any CPU
		{A1DE2F2C-A103-4FBC-A698-90535379C577}.Release|Any CPU.ActiveCfg = Release|Any CPU
		{A1DE2F2C-A103-4FBC-A698-90535379C577}.Release|Any CPU.Build.0 = Release|Any CPU
		{BA16FE9C-E7DA-4637-AE10-31A20E8D8320}.Debug|Any CPU.ActiveCfg = Debug|Any CPU
		{BA16FE9C-E7DA-4637-AE10-31A20E8D8320}.Debug|Any CPU.Build.0 = Debug|Any CPU
		{BA16FE9C-E7DA-4637-AE10-31A20E8D8320}.Release|Any CPU.ActiveCfg = Release|Any CPU
		{BA16FE9C-E7DA-4637-AE10-31A20E8D8320}.Release|Any CPU.Build.0 = Release|Any CPU
	EndGlobalSection
	GlobalSection(SolutionProperties) = preSolution
		HideSolutionNode = FALSE
	EndGlobalSection
	GlobalSection(ExtensibilityGlobals) = postSolution
		SolutionGuid = {8B2A3CCA-0BB1-46E3-ADD0-EF6DFD97AF65}
	EndGlobalSection
EndGlobal
